
Microsoft Visual Studio Solution File, Format Version 12.00
# Visual Studio Version 16
VisualStudioVersion = 16.0.31205.134
MinimumVisualStudioVersion = 10.0.40219.1
Project("{FAE04EC0-301F-11D3-BF4B-00C04F79EFBC}") = "HashTable", "HashTable.csproj", "{BE02A30E-C634-4C66-8159-CC34912C9281}"
EndProject
Global
	GlobalSection(SolutionConfigurationPlatforms) = preSolution
		Debug|Any CPU = Debug|Any CPU
		Release|Any CPU = Release|Any CPU
	EndGlobalSection
	GlobalSection(ProjectConfigurationPlatforms) = postSolution
		{BE02A30E-C634-4C66-8159-CC34912C9281}.Debug|Any CPU.ActiveCfg = Debug|Any CPU
		{BE02A30E-C634-4C66-8159-CC34912C9281}.Debug|Any CPU.Build.0 = Debug|Any CPU
		{BE02A30E-C634-4C66-8159-CC34912C9281}.Release|Any CPU.ActiveCfg = Release|Any CPU
		{BE02A30E-C634-4C66-8159-CC34912C9281}.Release|Any CPU.Build.0 = Release|Any CPU
	EndGlobalSection
	GlobalSection(SolutionProperties) = preSolution
		HideSolutionNode = FALSE
	EndGlobalSection
	GlobalSection(ExtensibilityGlobals) = postSolution
		SolutionGuid = {EC6A9B8D-2A27-4D8E-BB97-19826761670B}
	EndGlobalSection
EndGlobal
